{
  "name": "untitled1",
  "version": "1.0.0",
  "lockfileVersion": 1,
  "requires": true,
  "dependencies": {
    "preact": {
      "version": "10.0.0-rc.0",
      "resolved": "https://registry.npmjs.org/preact/-/preact-10.0.0-rc.0.tgz",
      "integrity": "sha512-mOOF2FoSt52uYPa+n2cvgI0NI+yo6Rxyamvu5z/8GHod3UhtExWhBcOeTawriR4HiGuR5VHENJEJ/dtBWMZZaQ=="
    },
    "typescript": {
      "version": "3.5.3",
      "resolved": "https://registry.npmjs.org/typescript/-/typescript-3.5.3.tgz",
      "integrity": "sha512-ACzBtm/PhXBDId6a6sDJfroT2pOWt/oOnk4/dElG5G33ZL776N3Y6/6bKZJBFpd+b05F3Ct9qDjMeJmRWtE2/g==",
      "dev": true
    }
  }
}
